
Microsoft Visual Studio Solution File, Format Version 12.00
# Visual Studio Version 17
VisualStudioVersion = 17.4.33205.214
MinimumVisualStudioVersion = 10.0.40219.1
Project("{9A19103F-16F7-4668-BE54-9A1E7A4F7556}") = "DoubleAlphaSapphire.App", "DoubleAlphaSapphire.App\DoubleAlphaSapphire.App.csproj", "{F00E4415-92D9-4421-A4CD-CADE7E9FAEA9}"
EndProject
Project("{FAE04EC0-301F-11D3-BF4B-00C04F79EFBC}") = "DoubleAlphaSapphire.Domain", "DoubleAlphaSapphire.Domain\DoubleAlphaSapphire.Domain.csproj", "{144C44B9-67A3-4F35-ABE0-2ACE5773A01D}"
EndProject
Project("{FAE04EC0-301F-11D3-BF4B-00C04F79EFBC}") = "DoubleAlphaSapphire.Data", "DoubleAlphaSapphire.Data\DoubleAlphaSapphire.Data.csproj", "{2F69E0E2-9F36-43EC-99B9-62E8D6862898}"
EndProject
Global
	GlobalSection(SolutionConfigurationPlatforms) = preSolution
		Debug|Any CPU = Debug|Any CPU
		Release|Any CPU = Release|Any CPU
	EndGlobalSection
	GlobalSection(ProjectConfigurationPlatforms) = postSolution
		{F00E4415-92D9-4421-A4CD-CADE7E9FAEA9}.Debug|Any CPU.ActiveCfg = Debug|Any CPU
		{F00E4415-92D9-4421-A4CD-CADE7E9FAEA9}.Debug|Any CPU.Build.0 = Debug|Any CPU
		{F00E4415-92D9-4421-A4CD-CADE7E9FAEA9}.Release|Any CPU.ActiveCfg = Release|Any CPU
		{F00E4415-92D9-4421-A4CD-CADE7E9FAEA9}.Release|Any CPU.Build.0 = Release|Any CPU
		{144C44B9-67A3-4F35-ABE0-2ACE5773A01D}.Debug|Any CPU.ActiveCfg = Debug|Any CPU
		{144C44B9-67A3-4F35-ABE0-2ACE5773A01D}.Debug|Any CPU.Build.0 = Debug|Any CPU
		{144C44B9-67A3-4F35-ABE0-2ACE5773A01D}.Release|Any CPU.ActiveCfg = Release|Any CPU
		{144C44B9-67A3-4F35-ABE0-2ACE5773A01D}.Release|Any CPU.Build.0 = Release|Any CPU
		{2F69E0E2-9F36-43EC-99B9-62E8D6862898}.Debug|Any CPU.ActiveCfg = Debug|Any CPU
		{2F69E0E2-9F36-43EC-99B9-62E8D6862898}.Debug|Any CPU.Build.0 = Debug|Any CPU
		{2F69E0E2-9F36-43EC-99B9-62E8D6862898}.Release|Any CPU.ActiveCfg = Release|Any CPU
		{2F69E0E2-9F36-43EC-99B9-62E8D6862898}.Release|Any CPU.Build.0 = Release|Any CPU
	EndGlobalSection
	GlobalSection(SolutionProperties) = preSolution
		HideSolutionNode = FALSE
	EndGlobalSection
	GlobalSection(ExtensibilityGlobals) = postSolution
		SolutionGuid = {072B1332-F46B-43B8-9530-4894E9756278}
	EndGlobalSection
EndGlobal
